
Microsoft Visual Studio Solution File, Format Version 12.00
# Visual Studio 15
VisualStudioVersion = 15.0.27428.2043
MinimumVisualStudioVersion = 10.0.40219.1
Project("{FAE04EC0-301F-11D3-BF4B-00C04F79EFBC}") = "Labb4MVC", "Labb4MVC\Labb4MVC.csproj", "{C80190F9-A7BE-4615-AC82-B62AD5356AF9}"
EndProject
Global
	GlobalSection(SolutionConfigurationPlatforms) = preSolution
		Debug|Any CPU = Debug|Any CPU
		Release|Any CPU = Release|Any CPU
	EndGlobalSection
	GlobalSection(ProjectConfigurationPlatforms) = postSolution
		{C80190F9-A7BE-4615-AC82-B62AD5356AF9}.Debug|Any CPU.ActiveCfg = Debug|Any CPU
		{C80190F9-A7BE-4615-AC82-B62AD5356AF9}.Debug|Any CPU.Build.0 = Debug|Any CPU
		{C80190F9-A7BE-4615-AC82-B62AD5356AF9}.Release|Any CPU.ActiveCfg = Release|Any CPU
		{C80190F9-A7BE-4615-AC82-B62AD5356AF9}.Release|Any CPU.Build.0 = Release|Any CPU
	EndGlobalSection
	GlobalSection(SolutionProperties) = preSolution
		HideSolutionNode = FALSE
	EndGlobalSection
	GlobalSection(ExtensibilityGlobals) = postSolution
		SolutionGuid = {673EF9E0-78FE-4BE6-8A07-304FBC5034BB}
	EndGlobalSection
EndGlobal
